
Microsoft Visual Studio Solution File, Format Version 12.00
# Visual Studio 2013
VisualStudioVersion = 12.0.40629.0
MinimumVisualStudioVersion = 10.0.40219.1
Project("{FAE04EC0-301F-11D3-BF4B-00C04F79EFBC}") = "JREndean.Fluent.Networking.NETMF", "JREndean.Fluent.Networking.NETMF\JREndean.Fluent.Networking.NETMF.csproj", "{FF0EDB97-EE37-4A31-B172-3B70F8B56DC1}"
EndProject
Global
	GlobalSection(SolutionConfigurationPlatforms) = preSolution
		Debug|Any CPU = Debug|Any CPU
		Release|Any CPU = Release|Any CPU
	EndGlobalSection
	GlobalSection(ProjectConfigurationPlatforms) = postSolution
		{FF0EDB97-EE37-4A31-B172-3B70F8B56DC1}.Debug|Any CPU.ActiveCfg = Debug|Any CPU
		{FF0EDB97-EE37-4A31-B172-3B70F8B56DC1}.Debug|Any CPU.Build.0 = Debug|Any CPU
		{FF0EDB97-EE37-4A31-B172-3B70F8B56DC1}.Debug|Any CPU.Deploy.0 = Debug|Any CPU
		{FF0EDB97-EE37-4A31-B172-3B70F8B56DC1}.Release|Any CPU.ActiveCfg = Release|Any CPU
		{FF0EDB97-EE37-4A31-B172-3B70F8B56DC1}.Release|Any CPU.Build.0 = Release|Any CPU
		{FF0EDB97-EE37-4A31-B172-3B70F8B56DC1}.Release|Any CPU.Deploy.0 = Release|Any CPU
	EndGlobalSection
	GlobalSection(SolutionProperties) = preSolution
		HideSolutionNode = FALSE
	EndGlobalSection
EndGlobal
